
Microsoft Visual Studio Solution File, Format Version 12.00
Project("{FAE04EC0-301F-11D3-BF4B-00C04F79EFBC}") = "Volo.Abp.Aliyun.Common", "Volo.Abp.Aliyun.Common\Volo.Abp.Aliyun.Common.csproj", "{EA225FE5-0A69-4CD2-84CF-7E5F4B0CA624}"
EndProject
Project("{FAE04EC0-301F-11D3-BF4B-00C04F79EFBC}") = "Volo.Abp.Aliyun.Sms", "Volo.Abp.Aliyun.Sms\Volo.Abp.Aliyun.Sms.csproj", "{805745D9-391E-498D-8AC6-0176AEE6BE23}"
EndProject
Project("{2150E333-8FDC-42A3-9474-1A3956D46DE8}") = "tests", "tests", "{14FD6E21-DE98-499C-8B41-469EFD486331}"
EndProject
Project("{FAE04EC0-301F-11D3-BF4B-00C04F79EFBC}") = "Volo.Abp.Aliyun.Tests", "tests\Volo.Abp.Aliyun.Tests\Volo.Abp.Aliyun.Tests.csproj", "{985CFE5B-B7A2-460D-AD0C-B37D640C3522}"
EndProject
Project("{FAE04EC0-301F-11D3-BF4B-00C04F79EFBC}") = "Volo.Abp.Aliyun.Sms.Tests", "tests\Volo.Abp.Aliyun.Sms.Tests\Volo.Abp.Aliyun.Sms.Tests.csproj", "{381F1BD8-0B36-45AF-9D0A-50C0B8F606D1}"
EndProject
Global
	GlobalSection(SolutionConfigurationPlatforms) = preSolution
		Debug|Any CPU = Debug|Any CPU
		Release|Any CPU = Release|Any CPU
	EndGlobalSection
	GlobalSection(ProjectConfigurationPlatforms) = postSolution
		{EA225FE5-0A69-4CD2-84CF-7E5F4B0CA624}.Debug|Any CPU.ActiveCfg = Debug|Any CPU
		{EA225FE5-0A69-4CD2-84CF-7E5F4B0CA624}.Debug|Any CPU.Build.0 = Debug|Any CPU
		{EA225FE5-0A69-4CD2-84CF-7E5F4B0CA624}.Release|Any CPU.ActiveCfg = Release|Any CPU
		{EA225FE5-0A69-4CD2-84CF-7E5F4B0CA624}.Release|Any CPU.Build.0 = Release|Any CPU
		{805745D9-391E-498D-8AC6-0176AEE6BE23}.Debug|Any CPU.ActiveCfg = Debug|Any CPU
		{805745D9-391E-498D-8AC6-0176AEE6BE23}.Debug|Any CPU.Build.0 = Debug|Any CPU
		{805745D9-391E-498D-8AC6-0176AEE6BE23}.Release|Any CPU.ActiveCfg = Release|Any CPU
		{805745D9-391E-498D-8AC6-0176AEE6BE23}.Release|Any CPU.Build.0 = Release|Any CPU
		{985CFE5B-B7A2-460D-AD0C-B37D640C3522}.Debug|Any CPU.ActiveCfg = Debug|Any CPU
		{985CFE5B-B7A2-460D-AD0C-B37D640C3522}.Debug|Any CPU.Build.0 = Debug|Any CPU
		{985CFE5B-B7A2-460D-AD0C-B37D640C3522}.Release|Any CPU.ActiveCfg = Release|Any CPU
		{985CFE5B-B7A2-460D-AD0C-B37D640C3522}.Release|Any CPU.Build.0 = Release|Any CPU
		{381F1BD8-0B36-45AF-9D0A-50C0B8F606D1}.Debug|Any CPU.ActiveCfg = Debug|Any CPU
		{381F1BD8-0B36-45AF-9D0A-50C0B8F606D1}.Debug|Any CPU.Build.0 = Debug|Any CPU
		{381F1BD8-0B36-45AF-9D0A-50C0B8F606D1}.Release|Any CPU.ActiveCfg = Release|Any CPU
		{381F1BD8-0B36-45AF-9D0A-50C0B8F606D1}.Release|Any CPU.Build.0 = Release|Any CPU
	EndGlobalSection
	GlobalSection(NestedProjects) = preSolution
		{985CFE5B-B7A2-460D-AD0C-B37D640C3522} = {14FD6E21-DE98-499C-8B41-469EFD486331}
		{381F1BD8-0B36-45AF-9D0A-50C0B8F606D1} = {14FD6E21-DE98-499C-8B41-469EFD486331}
	EndGlobalSection
EndGlobal
